
Microsoft Visual Studio Solution File, Format Version 12.00
# Visual Studio Version 17
VisualStudioVersion = 17.8.34525.116
MinimumVisualStudioVersion = 10.0.40219.1
Project("{8BC9CEB8-8B4A-11D0-8D11-00A0C91BC942}") = "SandBox", "SandBox\SandBox.vcxproj", "{9A3E55A0-A1C1-44A2-AD0C-99C1530FC56C}"
EndProject
Project("{8BC9CEB8-8B4A-11D0-8D11-00A0C91BC942}") = "Hazel", "Hazel\Hazel.vcxproj", "{A94D24F2-736C-4C52-8459-A14E436F5C4E}"
EndProject
Global
	GlobalSection(SolutionConfigurationPlatforms) = preSolution
		Debug|x64 = Debug|x64
		Release|x64 = Release|x64
	EndGlobalSection
	GlobalSection(ProjectConfigurationPlatforms) = postSolution
		{A94D24F2-736C-4C52-8459-A14E436F5C4E}.Debug|x64.ActiveCfg = Debug|x64
		{A94D24F2-736C-4C52-8459-A14E436F5C4E}.Debug|x64.Build.0 = Debug|x64
		{A94D24F2-736C-4C52-8459-A14E436F5C4E}.Release|x64.ActiveCfg = Release|x64
		{A94D24F2-736C-4C52-8459-A14E436F5C4E}.Release|x64.Build.0 = Release|x64
		{9A3E55A0-A1C1-44A2-AD0C-99C1530FC56C}.Debug|x64.ActiveCfg = Debug|x64
		{9A3E55A0-A1C1-44A2-AD0C-99C1530FC56C}.Debug|x64.Build.0 = Debug|x64
		{9A3E55A0-A1C1-44A2-AD0C-99C1530FC56C}.Release|x64.ActiveCfg = Release|x64
		{9A3E55A0-A1C1-44A2-AD0C-99C1530FC56C}.Release|x64.Build.0 = Release|x64
	EndGlobalSection
	GlobalSection(SolutionProperties) = preSolution
		HideSolutionNode = FALSE
	EndGlobalSection
	GlobalSection(ExtensibilityGlobals) = postSolution
		SolutionGuid = {7903792C-6AD0-430E-B529-52DCBE4B6610}
	EndGlobalSection
EndGlobal
